
Microsoft Visual Studio Solution File, Format Version 12.00
# Visual Studio Version 17
VisualStudioVersion = 17.3.32819.101
MinimumVisualStudioVersion = 10.0.40219.1
Project("{FAE04EC0-301F-11D3-BF4B-00C04F79EFBC}") = "Uppgift 3.19", "Uppgift 3.19\Uppgift 3.19.csproj", "{111EBC57-AD3E-4997-AAA7-032EF0B7EFFA}"
EndProject
Global
	GlobalSection(SolutionConfigurationPlatforms) = preSolution
		Debug|Any CPU = Debug|Any CPU
		Release|Any CPU = Release|Any CPU
	EndGlobalSection
	GlobalSection(ProjectConfigurationPlatforms) = postSolution
		{111EBC57-AD3E-4997-AAA7-032EF0B7EFFA}.Debug|Any CPU.ActiveCfg = Debug|Any CPU
		{111EBC57-AD3E-4997-AAA7-032EF0B7EFFA}.Debug|Any CPU.Build.0 = Debug|Any CPU
		{111EBC57-AD3E-4997-AAA7-032EF0B7EFFA}.Release|Any CPU.ActiveCfg = Release|Any CPU
		{111EBC57-AD3E-4997-AAA7-032EF0B7EFFA}.Release|Any CPU.Build.0 = Release|Any CPU
	EndGlobalSection
	GlobalSection(SolutionProperties) = preSolution
		HideSolutionNode = FALSE
	EndGlobalSection
	GlobalSection(ExtensibilityGlobals) = postSolution
		SolutionGuid = {15C92244-1828-4A87-A027-4FF2FC0FDA30}
	EndGlobalSection
EndGlobal
